
Microsoft Visual Studio Solution File, Format Version 12.00
# Visual Studio Version 17
VisualStudioVersion = 17.5.33530.505
MinimumVisualStudioVersion = 10.0.40219.1
Project("{FAE04EC0-301F-11D3-BF4B-00C04F79EFBC}") = "ABCD-Mall", "ABCD-Mall.csproj", "{208DA61D-C8C2-4D36-8C14-9DB9BA91789C}"
EndProject
Global
	GlobalSection(SolutionConfigurationPlatforms) = preSolution
		Debug|Any CPU = Debug|Any CPU
		Release|Any CPU = Release|Any CPU
	EndGlobalSection
	GlobalSection(ProjectConfigurationPlatforms) = postSolution
		{208DA61D-C8C2-4D36-8C14-9DB9BA91789C}.Debug|Any CPU.ActiveCfg = Debug|Any CPU
		{208DA61D-C8C2-4D36-8C14-9DB9BA91789C}.Debug|Any CPU.Build.0 = Debug|Any CPU
		{208DA61D-C8C2-4D36-8C14-9DB9BA91789C}.Release|Any CPU.ActiveCfg = Release|Any CPU
		{208DA61D-C8C2-4D36-8C14-9DB9BA91789C}.Release|Any CPU.Build.0 = Release|Any CPU
	EndGlobalSection
	GlobalSection(SolutionProperties) = preSolution
		HideSolutionNode = FALSE
	EndGlobalSection
	GlobalSection(ExtensibilityGlobals) = postSolution
		SolutionGuid = {53767897-4AFF-4DB7-B93E-9C66DD8C4EC2}
	EndGlobalSection
EndGlobal
